<Solution>
  <Configurations>
    <Platform Name="Any CPU" />
    <Platform Name="x64" />
    <Platform Name="x86" />
  </Configurations>
  <Folder Name="/build/">
    <File Path="build/version.props" />
    <File Path="build/public.props" />
    <File Path="build/icon.png" />
  </Folder>
  <Folder Name="/src/">
    <Project Path="src/Tnzi.AspNetCore/Tnzi.AspNetCore.csproj" />
    <Project Path="src/Tnzi.EFCore/Tnzi.EFCore.csproj" />
    <Project Path="src/Tnzi.Hangfire/Tnzi.Hangfire.csproj" />
    <Project Path="src/Tnzi.Hosting/Tnzi.Hosting.csproj" />
    <Project Path="src/Tnzi.Imaging/Tnzi.Imaging.csproj" />
    <Project Path="src/Tnzi.Kafka/Tnzi.Kafka.csproj" />
    <Project Path="src/Tnzi.Localization/Tnzi.Localization.csproj" />
    <Project Path="src/Tnzi.Logging/Tnzi.Logging.csproj" />
    <Project Path="src/Tnzi.Mapster/Tnzi.Mapster.csproj" />
    <Project Path="src/Tnzi.RabbitMQ/Tnzi.RabbitMQ.csproj" />
    <Project Path="src/Tnzi.Redis/Tnzi.Redis.csproj" />
    <Project Path="src/Tnzi.SignalR/Tnzi.SignalR.csproj" />
    <Project Path="src/Tnzi.Swagger/Tnzi.Swagger.csproj" />
    <Project Path="src/Tnzi.UI/Tnzi.UI.csproj" />
    <Project Path="src/Tnzi/Tnzi.csproj" />
  </Folder>
  <Folder Name="/src/diagnostics/">
    <Project Path="src/Tnzi.HealthChecks/Tnzi.HealthChecks.csproj" />
    <Project Path="src/Tnzi.OpenTelemetry/Tnzi.OpenTelemetry.csproj" />
    <Project Path="src/Tnzi.Performance/Tnzi.Performance.csproj" />
  </Folder>
  <Folder Name="/src/modules/">
    <Project Path="src/Tnzi.Audit/Tnzi.Audit.csproj" />
    <Project Path="src/Tnzi.Authorization/Tnzi.Authorization.csproj" />
    <Project Path="src/Tnzi.Chat/Tnzi.Chat.csproj" />
    <Project Path="src/Tnzi.Feature/Tnzi.Feature.csproj" />
    <Project Path="src/Tnzi.Identity/Tnzi.Identity.csproj" />
    <Project Path="src/Tnzi.Notification/Tnzi.Notification.csproj" />
    <Project Path="src/Tnzi.Payment/Tnzi.Payment.csproj" />
    <Project Path="src/Tnzi.Storage/Tnzi.Storage.csproj" />
    <Project Path="src/Tnzi.System/Tnzi.System.csproj" />
    <Project Path="src/Tnzi.Template/Tnzi.Template.csproj" />
  </Folder>
  <Folder Name="/src/modules/Tnzi.AI/">
    <Project Path="src/Tnzi.AI/Tnzi.AI.csproj" />
    <Project Path="src/Tnzi.AI.Skills/Tnzi.AI.Skills.csproj" />
    <Project Path="src/Tnzi.AI.Workflow/Tnzi.AI.Workflow.csproj" />
    <Project Path="src/Tnzi.AI.Mcp/Tnzi.AI.Mcp.csproj" />
    <Project Path="src/Tnzi.AI.McpClient/Tnzi.AI.McpClient.csproj" />
    <Project Path="src/Tnzi.AI.Coder/Tnzi.AI.Coder.csproj" />
    <Project Path="src/Tnzi.AI.Rag/Tnzi.AI.Rag.csproj" />
    <Project Path="src/Tnzi.AI.Channels/Tnzi.AI.Channels.csproj" />
    <Project Path="src/Tnzi.AI.Cli/Tnzi.AI.Cli.csproj" />
    <Project Path="src/Tnzi.AI.Sandbox/Tnzi.AI.Sandbox.csproj" />
    <Project Path="src/Tnzi.AI.Device/Tnzi.AI.Device.csproj" />
  </Folder>
  <Folder Name="/tests/">
    <Project Path="tests/Tnzi.AI.Cli.Tests/Tnzi.AI.Cli.Tests.csproj" />
    <Project Path="tests/Tnzi.AI.Tests/Tnzi.AI.Tests.csproj" />
    <Project Path="tests/Tnzi.AspNetCore.Tests/Tnzi.AspNetCore.Tests.csproj" />
    <Project Path="tests/Tnzi.Audit.Tests/Tnzi.Audit.Tests.csproj" />
    <Project Path="tests/Tnzi.Authorization.Tests/Tnzi.Authorization.Tests.csproj" />
    <Project Path="tests/Tnzi.Chat.Tests/Tnzi.Chat.Tests.csproj" />
    <Project Path="tests/Tnzi.EFCore.Tests/Tnzi.EFCore.Tests.csproj" />
    <Project Path="tests/Tnzi.Feature.Tests/Tnzi.Feature.Tests.csproj" />
    <Project Path="tests/Tnzi.Hangfire.Tests/Tnzi.Hangfire.Tests.csproj" />
    <Project Path="tests/Tnzi.HealthChecks.Tests/Tnzi.HealthChecks.Tests.csproj" />
    <Project Path="tests/Tnzi.Identity.IntegrationTests/Tnzi.Identity.IntegrationTests.csproj" />
    <Project Path="tests/Tnzi.Identity.Tests/Tnzi.Identity.Tests.csproj" />
    <Project Path="tests/Tnzi.Imaging.Tests/Tnzi.Imaging.Tests.csproj" />
    <Project Path="tests/Tnzi.Kafka.Tests/Tnzi.Kafka.Tests.csproj" />
    <Project Path="tests/Tnzi.Localization.Tests/Tnzi.Localization.Tests.csproj" />
    <Project Path="tests/Tnzi.Mapster.Tests/Tnzi.Mapster.Tests.csproj" />
    <Project Path="tests/Tnzi.Notification.Tests/Tnzi.Notification.Tests.csproj" />
    <Project Path="tests/Tnzi.OpenTelemetry.Tests/Tnzi.OpenTelemetry.Tests.csproj" />
    <Project Path="tests/Tnzi.Payment.Tests/Tnzi.Payment.Tests.csproj" />
    <Project Path="tests/Tnzi.Performance.Tests/Tnzi.Performance.Tests.csproj" />
    <Project Path="tests/Tnzi.RabbitMQ.Tests/Tnzi.RabbitMQ.Tests.csproj" />
    <Project Path="tests/Tnzi.Redis.Tests/Tnzi.Redis.Tests.csproj" />
    <Project Path="tests/Tnzi.SignalR.Tests/Tnzi.SignalR.Tests.csproj" />
    <Project Path="tests/Tnzi.Storage.Tests/Tnzi.Storage.Tests.csproj" />
    <Project Path="tests/Tnzi.Swagger.Tests/Tnzi.Swagger.Tests.csproj" />
    <Project Path="tests/Tnzi.System.Tests/Tnzi.System.Tests.csproj" />
    <Project Path="tests/Tnzi.Template.Tests/Tnzi.Template.Tests.csproj" />
    <Project Path="tests/Tnzi.TestBase/Tnzi.TestBase.csproj" />
    <Project Path="tests/Tnzi.Tests/Tnzi.Tests.csproj" />
  </Folder>
</Solution>
